// !$*UTF8*$!
{
	archiveVersion = 1;
	classes = {
	};
	objectVersion = 56;
	objects = {

/* Begin PBXBuildFile section */
		2E20F10E2A2AEA3F00B33E20 /* FirebaseAnalytics in Frameworks */ = {isa = PBXBuildFile; productRef = 2E20F10D2A2AEA3F00B33E20 /* FirebaseAnalytics */; };
		2E20F1102A2AEA3F00B33E20 /* FirebaseFirestore in Frameworks */ = {isa = PBXBuildFile; productRef = 2E20F10F2A2AEA3F00B33E20 /* FirebaseFirestore */; };
		2E20F1122A2AEA3F00B33E20 /* FirebaseFirestoreSwift in Frameworks */ = {isa = PBXBuildFile; productRef = 2E20F1112A2AEA3F00B33E20 /* FirebaseFirestoreSwift */; };
		2E20F1252A2C870B00B33E20 /* WalletTableViewCell.swift in Sources */ = {isa = PBXBuildFile; fileRef = 2E20F1232A2C870B00B33E20 /* WalletTableViewCell.swift */; };
		2E20F1282A2C885B00B33E20 /* GoogleService-Info.plist in Resources */ = {isa = PBXBuildFile; fileRef = 2E20F1272A2C885B00B33E20 /* GoogleService-Info.plist */; };
		2E2328D92A2A4F6C003636F1 /* AppDelegate.swift in Sources */ = {isa = PBXBuildFile; fileRef = 2E2328D82A2A4F6C003636F1 /* AppDelegate.swift */; };
		2E2328DB2A2A4F6C003636F1 /* SceneDelegate.swift in Sources */ = {isa = PBXBuildFile; fileRef = 2E2328DA2A2A4F6C003636F1 /* SceneDelegate.swift */; };
		2E2328DD2A2A4F6C003636F1 /* ViewController.swift in Sources */ = {isa = PBXBuildFile; fileRef = 2E2328DC2A2A4F6C003636F1 /* ViewController.swift */; };
		2E2328E02A2A4F6C003636F1 /* Main.storyboard in Resources */ = {isa = PBXBuildFile; fileRef = 2E2328DE2A2A4F6C003636F1 /* Main.storyboard */; };
		2E2328E32A2A4F6C003636F1 /* MiniWallet.xcdatamodeld in Sources */ = {isa = PBXBuildFile; fileRef = 2E2328E12A2A4F6C003636F1 /* MiniWallet.xcdatamodeld */; };
		2E2328E52A2A4F6C003636F1 /* Assets.xcassets in Resources */ = {isa = PBXBuildFile; fileRef = 2E2328E42A2A4F6C003636F1 /* Assets.xcassets */; };
		2E2328E82A2A4F6C003636F1 /* LaunchScreen.storyboard in Resources */ = {isa = PBXBuildFile; fileRef = 2E2328E62A2A4F6C003636F1 /* LaunchScreen.storyboard */; };
/* End PBXBuildFile section */

/* Begin PBXFileReference section */
		2E20F1232A2C870B00B33E20 /* WalletTableViewCell.swift */ = {isa = PBXFileReference; lastKnownFileType = sourcecode.swift; path = WalletTableViewCell.swift; sourceTree = "<group>"; };
		2E20F1272A2C885B00B33E20 /* GoogleService-Info.plist */ = {isa = PBXFileReference; fileEncoding = 4; lastKnownFileType = text.plist.xml; path = "GoogleService-Info.plist"; sourceTree = "<group>"; };
		2E2328D52A2A4F6C003636F1 /* MiniWallet.app */ = {isa = PBXFileReference; explicitFileType = wrapper.application; includeInIndex = 0; path = MiniWallet.app; sourceTree = BUILT_PRODUCTS_DIR; };
		2E2328D82A2A4F6C003636F1 /* AppDelegate.swift */ = {isa = PBXFileReference; lastKnownFileType = sourcecode.swift; path = AppDelegate.swift; sourceTree = "<group>"; };
		2E2328DA2A2A4F6C003636F1 /* SceneDelegate.swift */ = {isa = PBXFileReference; lastKnownFileType = sourcecode.swift; path = SceneDelegate.swift; sourceTree = "<group>"; };
		2E2328DC2A2A4F6C003636F1 /* ViewController.swift */ = {isa = PBXFileReference; lastKnownFileType = sourcecode.swift; path = ViewController.swift; sourceTree = "<group>"; };
		2E2328DF2A2A4F6C003636F1 /* Base */ = {isa = PBXFileReference; lastKnownFileType = file.storyboard; name = Base; path = Base.lproj/Main.storyboard; sourceTree = "<group>"; };
		2E2328E22A2A4F6C003636F1 /* MiniWallet.xcdatamodel */ = {isa = PBXFileReference; lastKnownFileType = wrapper.xcdatamodel; path = MiniWallet.xcdatamodel; sourceTree = "<group>"; };
		2E2328E42A2A4F6C003636F1 /* Assets.xcassets */ = {isa = PBXFileReference; lastKnownFileType = folder.assetcatalog; path = Assets.xcassets; sourceTree = "<group>"; };
		2E2328E72A2A4F6C003636F1 /* Base */ = {isa = PBXFileReference; lastKnownFileType = file.storyboard; name = Base; path = Base.lproj/LaunchScreen.storyboard; sourceTree = "<group>"; };
		2E2328E92A2A4F6C003636F1 /* Info.plist */ = {isa = PBXFileReference; lastKnownFileType = text.plist.xml; path = Info.plist; sourceTree = "<group>"; };
/* End PBXFileReference section */

/* Begin PBXFrameworksBuildPhase section */
		2E2328D22A2A4F6C003636F1 /* Frameworks */ = {
			isa = PBXFrameworksBuildPhase;
			buildActionMask = 2147483647;
			files = (
				2E20F10E2A2AEA3F00B33E20 /* FirebaseAnalytics in Frameworks */,
				2E20F1102A2AEA3F00B33E20 /* FirebaseFirestore in Frameworks */,
				2E20F1122A2AEA3F00B33E20 /* FirebaseFirestoreSwift in Frameworks */,
			);
			runOnlyForDeploymentPostprocessing = 0;
		};
/* End PBXFrameworksBuildPhase section */

/* Begin PBXGroup section */
		2E2328CC2A2A4F6C003636F1 = {
			isa = PBXGroup;
			children = (
				2E2328D72A2A4F6C003636F1 /* MiniWallet */,
				2E2328D62A2A4F6C003636F1 /* Products */,
			);
			sourceTree = "<group>";
		};
		2E2328D62A2A4F6C003636F1 /* Products */ = {
			isa = PBXGroup;
			children = (
				2E2328D52A2A4F6C003636F1 /* MiniWallet.app */,
			);
			name = Products;
			sourceTree = "<group>";
		};
		2E2328D72A2A4F6C003636F1 /* MiniWallet */ = {
			isa = PBXGroup;
			children = (
				2E2328D82A2A4F6C003636F1 /* AppDelegate.swift */,
				2E2328DA2A2A4F6C003636F1 /* SceneDelegate.swift */,
				2E2328DC2A2A4F6C003636F1 /* ViewController.swift */,
				2E2328DE2A2A4F6C003636F1 /* Main.storyboard */,
				2E2328E42A2A4F6C003636F1 /* Assets.xcassets */,
				2E2328E62A2A4F6C003636F1 /* LaunchScreen.storyboard */,
				2E2328E92A2A4F6C003636F1 /* Info.plist */,
				2E20F1272A2C885B00B33E20 /* GoogleService-Info.plist */,
				2E2328E12A2A4F6C003636F1 /* MiniWallet.xcdatamodeld */,
				2E20F1232A2C870B00B33E20 /* WalletTableViewCell.swift */,
			);
			path = MiniWallet;
			sourceTree = "<group>";
		};
/* End PBXGroup section */

/* Begin PBXNativeTarget section */
		2E2328D42A2A4F6C003636F1 /* MiniWallet */ = {
			isa = PBXNativeTarget;
			buildConfigurationList = 2E2328EC2A2A4F6C003636F1 /* Build configuration list for PBXNativeTarget "MiniWallet" */;
			buildPhases = (
				2E2328D12A2A4F6C003636F1 /* Sources */,
				2E2328D22A2A4F6C003636F1 /* Frameworks */,
				2E2328D32A2A4F6C003636F1 /* Resources */,
			);
			buildRules = (
			);
			dependencies = (
			);
			name = MiniWallet;
			packageProductDependencies = (
				2E20F10D2A2AEA3F00B33E20 /* FirebaseAnalytics */,
				2E20F10F2A2AEA3F00B33E20 /* FirebaseFirestore */,
				2E20F1112A2AEA3F00B33E20 /* FirebaseFirestoreSwift */,
			);
			productName = MiniWallet;
			productReference = 2E2328D52A2A4F6C003636F1 /* MiniWallet.app */;
			productType = "com.apple.product-type.application";
		};
/* End PBXNativeTarget section */

/* Begin PBXProject section */
		2E2328CD2A2A4F6C003636F1 /* Project object */ = {
			isa = PBXProject;
			attributes = {
				BuildIndependentTargetsInParallel = 1;
				LastSwiftUpdateCheck = 1430;
				LastUpgradeCheck = 1430;
				TargetAttributes = {
					2E2328D42A2A4F6C003636F1 = {
						CreatedOnToolsVersion = 14.3;
					};
				};
			};
			buildConfigurationList = 2E2328D02A2A4F6C003636F1 /* Build configuration list for PBXProject "MiniWallet" */;
			compatibilityVersion = "Xcode 14.0";
			developmentRegion = en;
			hasScannedForEncodings = 0;
			knownRegions = (
				en,
				Base,
			);
			mainGroup = 2E2328CC2A2A4F6C003636F1;
			packageReferences = (
				2E20F10C2A2AEA3F00B33E20 /* XCRemoteSwiftPackageReference "firebase-ios-sdk" */,
			);
			productRefGroup = 2E2328D62A2A4F6C003636F1 /* Products */;
			projectDirPath = "";
			projectRoot = "";
			targets = (
				2E2328D42A2A4F6C003636F1 /* MiniWallet */,
			);
		};
/* End PBXProject section */

/* Begin PBXResourcesBuildPhase section */
		2E2328D32A2A4F6C003636F1 /* Resources */ = {
			isa = PBXResourcesBuildPhase;
			buildActionMask = 2147483647;
			files = (
				2E2328E82A2A4F6C003636F1 /* LaunchScreen.storyboard in Resources */,
				2E20F1282A2C885B00B33E20 /* GoogleService-Info.plist in Resources */,
				2E2328E52A2A4F6C003636F1 /* Assets.xcassets in Resources */,
				2E2328E02A2A4F6C003636F1 /* Main.storyboard in Resources */,
			);
			runOnlyForDeploymentPostprocessing = 0;
		};
/* End PBXResourcesBuildPhase section */

/* Begin PBXSourcesBuildPhase section */
		2E2328D12A2A4F6C003636F1 /* Sources */ = {
			isa = PBXSourcesBuildPhase;
			buildActionMask = 2147483647;
			files = (
				2E2328DD2A2A4F6C003636F1 /* ViewController.swift in Sources */,
				2E2328E32A2A4F6C003636F1 /* MiniWallet.xcdatamodeld in Sources */,
				2E2328D92A2A4F6C003636F1 /* AppDelegate.swift in Sources */,
				2E2328DB2A2A4F6C003636F1 /* SceneDelegate.swift in Sources */,
				2E20F1252A2C870B00B33E20 /* WalletTableViewCell.swift in Sources */,
			);
			runOnlyForDeploymentPostprocessing = 0;
		};
/* End PBXSourcesBuildPhase section */

/* Begin PBXVariantGroup section */
		2E2328DE2A2A4F6C003636F1 /* Main.storyboard */ = {
			isa = PBXVariantGroup;
			children = (
				2E2328DF2A2A4F6C003636F1 /* Base */,
			);
			name = Main.storyboard;
			sourceTree = "<group>";
		};
		2E2328E62A2A4F6C003636F1 /* LaunchScreen.storyboard */ = {
			isa = PBXVariantGroup;
			children = (
				2E2328E72A2A4F6C003636F1 /* Base */,
			);
			name = LaunchScreen.storyboard;
			sourceTree = "<group>";
		};
/* End PBXVariantGroup section */

/* Begin XCBuildConfiguration section */
		2E2328EA2A2A4F6C003636F1 /* Debug */ = {
			isa = XCBuildConfiguration;
			buildSettings = {
				ALWAYS_SEARCH_USER_PATHS = NO;
				CLANG_ANALYZER_NONNULL = YES;
				CLANG_ANALYZER_NUMBER_OBJECT_CONVERSION = YES_AGGRESSIVE;
				CLANG_CXX_LANGUAGE_STANDARD = "gnu++20";
				CLANG_ENABLE_MODULES = YES;
				CLANG_ENABLE_OBJC_ARC = YES;
				CLANG_ENABLE_OBJC_WEAK = YES;
				CLANG_WARN_BLOCK_CAPTURE_AUTORELEASING = YES;
				CLANG_WARN_BOOL_CONVERSION = YES;
				CLANG_WARN_COMMA = YES;
				CLANG_WARN_CONSTANT_CONVERSION = YES;
				CLANG_WARN_DEPRECATED_OBJC_IMPLEMENTATIONS = YES;
				CLANG_WARN_DIRECT_OBJC_ISA_USAGE = YES_ERROR;
				CLANG_WARN_DOCUMENTATION_COMMENTS = YES;
				CLANG_WARN_EMPTY_BODY = YES;
				CLANG_WARN_ENUM_CONVERSION = YES;
				CLANG_WARN_INFINITE_RECURSION = YES;
				CLANG_WARN_INT_CONVERSION = YES;
				CLANG_WARN_NON_LITERAL_NULL_CONVERSION = YES;
				CLANG_WARN_OBJC_IMPLICIT_RETAIN_SELF = YES;
				CLANG_WARN_OBJC_LITERAL_CONVERSION = YES;
				CLANG_WARN_OBJC_ROOT_CLASS = YES_ERROR;
				CLANG_WARN_QUOTED_INCLUDE_IN_FRAMEWORK_HEADER = YES;
				CLANG_WARN_RANGE_LOOP_ANALYSIS = YES;
				CLANG_WARN_STRICT_PROTOTYPES = YES;
				CLANG_WARN_SUSPICIOUS_MOVE = YES;
				CLANG_WARN_UNGUARDED_AVAILABILITY = YES_AGGRESSIVE;
				CLANG_WARN_UNREACHABLE_CODE = YES;
				CLANG_WARN__DUPLICATE_METHOD_MATCH = YES;
				COPY_PHASE_STRIP = NO;
				DEBUG_INFORMATION_FORMAT = dwarf;
				ENABLE_STRICT_OBJC_MSGSEND = YES;
				ENABLE_TESTABILITY = YES;
				GCC_C_LANGUAGE_STANDARD = gnu11;
				GCC_DYNAMIC_NO_PIC = NO;
				GCC_NO_COMMON_BLOCKS = YES;
				GCC_OPTIMIZATION_LEVEL = 0;
				GCC_PREPROCESSOR_DEFINITIONS = (
					"DEBUG=1",
					"$(inherited)",
				);
				GCC_WARN_64_TO_32_BIT_CONVERSION = YES;
				GCC_WARN_ABOUT_RETURN_TYPE = YES_ERROR;
				GCC_WARN_UNDECLARED_SELECTOR = YES;
				GCC_WARN_UNINITIALIZED_AUTOS = YES_AGGRESSIVE;
				GCC_WARN_UNUSED_FUNCTION = YES;
				GCC_WARN_UNUSED_VARIABLE = YES;
				IPHONEOS_DEPLOYMENT_TARGET = 16.4;
				MTL_ENABLE_DEBUG_INFO = INCLUDE_SOURCE;
				MTL_FAST_MATH = YES;
				ONLY_ACTIVE_ARCH = YES;
				SDKROOT = iphoneos;
				SWIFT_ACTIVE_COMPILATION_CONDITIONS = DEBUG;
				SWIFT_OPTIMIZATION_LEVEL = "-Onone";
			};
			name = Debug;
		};
		2E2328EB2A2A4F6C003636F1 /* Release */ = {
			isa = XCBuildConfiguration;
			buildSettings = {
				ALWAYS_SEARCH_USER_PATHS = NO;
				CLANG_ANALYZER_NONNULL = YES;
				CLANG_ANALYZER_NUMBER_OBJECT_CONVERSION = YES_AGGRESSIVE;
				CLANG_CXX_LANGUAGE_STANDARD = "gnu++20";
				CLANG_ENABLE_MODULES = YES;
				CLANG_ENABLE_OBJC_ARC = YES;
				CLANG_ENABLE_OBJC_WEAK = YES;
				CLANG_WARN_BLOCK_CAPTURE_AUTORELEASING = YES;
				CLANG_WARN_BOOL_CONVERSION = YES;
				CLANG_WARN_COMMA = YES;
				CLANG_WARN_CONSTANT_CONVERSION = YES;
				CLANG_WARN_DEPRECATED_OBJC_IMPLEMENTATIONS = YES;
				CLANG_WARN_DIRECT_OBJC_ISA_USAGE = YES_ERROR;
				CLANG_WARN_DOCUMENTATION_COMMENTS = YES;
				CLANG_WARN_EMPTY_BODY = YES;
				CLANG_WARN_ENUM_CONVERSION = YES;
				CLANG_WARN_INFINITE_RECURSION = YES;
				CLANG_WARN_INT_CONVERSION = YES;
				CLANG_WARN_NON_LITERAL_NULL_CONVERSION = YES;
				CLANG_WARN_OBJC_IMPLICIT_RETAIN_SELF = YES;
				CLANG_WARN_OBJC_LITERAL_CONVERSION = YES;
				CLANG_WARN_OBJC_ROOT_CLASS = YES_ERROR;
				CLANG_WARN_QUOTED_INCLUDE_IN_FRAMEWORK_HEADER = YES;
				CLANG_WARN_RANGE_LOOP_ANALYSIS = YES;
				CLANG_WARN_STRICT_PROTOTYPES = YES;
				CLANG_WARN_SUSPICIOUS_MOVE = YES;
				CLANG_WARN_UNGUARDED_AVAILABILITY = YES_AGGRESSIVE;
				CLANG_WARN_UNREACHABLE_CODE = YES;
				CLANG_WARN__DUPLICATE_METHOD_MATCH = YES;
				COPY_PHASE_STRIP = NO;
				DEBUG_INFORMATION_FORMAT = "dwarf-with-dsym";
				ENABLE_NS_ASSERTIONS = NO;
				ENABLE_STRICT_OBJC_MSGSEND = YES;
				GCC_C_LANGUAGE_STANDARD = gnu11;
				GCC_NO_COMMON_BLOCKS = YES;
				GCC_WARN_64_TO_32_BIT_CONVERSION = YES;
				GCC_WARN_ABOUT_RETURN_TYPE = YES_ERROR;
				GCC_WARN_UNDECLARED_SELECTOR = YES;
				GCC_WARN_UNINITIALIZED_AUTOS = YES_AGGRESSIVE;
				GCC_WARN_UNUSED_FUNCTION = YES;
				GCC_WARN_UNUSED_VARIABLE = YES;
				IPHONEOS_DEPLOYMENT_TARGET = 16.4;
				MTL_ENABLE_DEBUG_INFO = NO;
				MTL_FAST_MATH = YES;
				SDKROOT = iphoneos;
				SWIFT_COMPILATION_MODE = wholemodule;
				SWIFT_OPTIMIZATION_LEVEL = "-O";
				VALIDATE_PRODUCT = YES;
			};
			name = Release;
		};
		2E2328ED2A2A4F6C003636F1 /* Debug */ = {
			isa = XCBuildConfiguration;
			buildSettings = {
				ASSETCATALOG_COMPILER_APPICON_NAME = AppIcon;
				ASSETCATALOG_COMPILER_GLOBAL_ACCENT_COLOR_NAME = AccentColor;
				CODE_SIGN_STYLE = Automatic;
				CURRENT_PROJECT_VERSION = 1;
				GENERATE_INFOPLIST_FILE = YES;
				INFOPLIST_FILE = MiniWallet/Info.plist;
				INFOPLIST_KEY_UIApplicationSupportsIndirectInputEvents = YES;
				INFOPLIST_KEY_UILaunchStoryboardName = LaunchScreen;
				INFOPLIST_KEY_UIMainStoryboardFile = Main;
				INFOPLIST_KEY_UISupportedInterfaceOrientations_iPad = "UIInterfaceOrientationPortrait UIInterfaceOrientationPortraitUpsideDown UIInterfaceOrientationLandscapeLeft UIInterfaceOrientationLandscapeRight";
				INFOPLIST_KEY_UISupportedInterfaceOrientations_iPhone = "UIInterfaceOrientationPortrait UIInterfaceOrientationLandscapeLeft UIInterfaceOrientationLandscapeRight";
				LD_RUNPATH_SEARCH_PATHS = (
					"$(inherited)",
					"@executable_path/Frameworks",
				);
				MARKETING_VERSION = 1.0;
				PRODUCT_BUNDLE_IDENTIFIER = rejxcy.MiniWallet;
				PRODUCT_NAME = "$(TARGET_NAME)";
				SWIFT_EMIT_LOC_STRINGS = YES;
				SWIFT_VERSION = 5.0;
				TARGETED_DEVICE_FAMILY = "1,2";
			};
			name = Debug;
		};
		2E2328EE2A2A4F6C003636F1 /* Release */ = {
			isa = XCBuildConfiguration;
			buildSettings = {
				ASSETCATALOG_COMPILER_APPICON_NAME = AppIcon;
				ASSETCATALOG_COMPILER_GLOBAL_ACCENT_COLOR_NAME = AccentColor;
				CODE_SIGN_STYLE = Automatic;
				CURRENT_PROJECT_VERSION = 1;
				GENERATE_INFOPLIST_FILE = YES;
				INFOPLIST_FILE = MiniWallet/Info.plist;
				INFOPLIST_KEY_UIApplicationSupportsIndirectInputEvents = YES;
				INFOPLIST_KEY_UILaunchStoryboardName = LaunchScreen;
				INFOPLIST_KEY_UIMainStoryboardFile = Main;
				INFOPLIST_KEY_UISupportedInterfaceOrientations_iPad = "UIInterfaceOrientationPortrait UIInterfaceOrientationPortraitUpsideDown UIInterfaceOrientationLandscapeLeft UIInterfaceOrientationLandscapeRight";
				INFOPLIST_KEY_UISupportedInterfaceOrientations_iPhone = "UIInterfaceOrientationPortrait UIInterfaceOrientationLandscapeLeft UIInterfaceOrientationLandscapeRight";
				LD_RUNPATH_SEARCH_PATHS = (
					"$(inherited)",
					"@executable_path/Frameworks",
				);
				MARKETING_VERSION = 1.0;
				PRODUCT_BUNDLE_IDENTIFIER = rejxcy.MiniWallet;
				PRODUCT_NAME = "$(TARGET_NAME)";
				SWIFT_EMIT_LOC_STRINGS = YES;
				SWIFT_VERSION = 5.0;
				TARGETED_DEVICE_FAMILY = "1,2";
			};
			name = Release;
		};
/* End XCBuildConfiguration section */

/* Begin XCConfigurationList section */
		2E2328D02A2A4F6C003636F1 /* Build configuration list for PBXProject "MiniWallet" */ = {
			isa = XCConfigurationList;
			buildConfigurations = (
				2E2328EA2A2A4F6C003636F1 /* Debug */,
				2E2328EB2A2A4F6C003636F1 /* Release */,
			);
			defaultConfigurationIsVisible = 0;
			defaultConfigurationName = Release;
		};
		2E2328EC2A2A4F6C003636F1 /* Build configuration list for PBXNativeTarget "MiniWallet" */ = {
			isa = XCConfigurationList;
			buildConfigurations = (
				2E2328ED2A2A4F6C003636F1 /* Debug */,
				2E2328EE2A2A4F6C003636F1 /* Release */,
			);
			defaultConfigurationIsVisible = 0;
			defaultConfigurationName = Release;
		};
/* End XCConfigurationList section */

/* Begin XCRemoteSwiftPackageReference section */
		2E20F10C2A2AEA3F00B33E20 /* XCRemoteSwiftPackageReference "firebase-ios-sdk" */ = {
			isa = XCRemoteSwiftPackageReference;
			repositoryURL = "https://github.com/firebase/firebase-ios-sdk.git";
			requirement = {
				kind = upToNextMajorVersion;
				minimumVersion = 10.0.0;
			};
		};
/* End XCRemoteSwiftPackageReference section */

/* Begin XCSwiftPackageProductDependency section */
		2E20F10D2A2AEA3F00B33E20 /* FirebaseAnalytics */ = {
			isa = XCSwiftPackageProductDependency;
			package = 2E20F10C2A2AEA3F00B33E20 /* XCRemoteSwiftPackageReference "firebase-ios-sdk" */;
			productName = FirebaseAnalytics;
		};
		2E20F10F2A2AEA3F00B33E20 /* FirebaseFirestore */ = {
			isa = XCSwiftPackageProductDependency;
			package = 2E20F10C2A2AEA3F00B33E20 /* XCRemoteSwiftPackageReference "firebase-ios-sdk" */;
			productName = FirebaseFirestore;
		};
		2E20F1112A2AEA3F00B33E20 /* FirebaseFirestoreSwift */ = {
			isa = XCSwiftPackageProductDependency;
			package = 2E20F10C2A2AEA3F00B33E20 /* XCRemoteSwiftPackageReference "firebase-ios-sdk" */;
			productName = FirebaseFirestoreSwift;
		};
/* End XCSwiftPackageProductDependency section */

/* Begin XCVersionGroup section */
		2E2328E12A2A4F6C003636F1 /* MiniWallet.xcdatamodeld */ = {
			isa = XCVersionGroup;
			children = (
				2E2328E22A2A4F6C003636F1 /* MiniWallet.xcdatamodel */,
			);
			currentVersion = 2E2328E22A2A4F6C003636F1 /* MiniWallet.xcdatamodel */;
			path = MiniWallet.xcdatamodeld;
			sourceTree = "<group>";
			versionGroupType = wrapper.xcdatamodel;
		};
/* End XCVersionGroup section */
	};
	rootObject = 2E2328CD2A2A4F6C003636F1 /* Project object */;
}
